
Microsoft Visual Studio Solution File, Format Version 12.00
# Visual Studio Version 16
VisualStudioVersion = 16.0.31624.102
MinimumVisualStudioVersion = 10.0.40219.1
Project("{FAE04EC0-301F-11D3-BF4B-00C04F79EFBC}") = "bdDemoStudent", "bdDemoStudent\bdDemoStudent.csproj", "{882DD50A-079B-494B-BF62-34BE7FA0E381}"
EndProject
Global
	GlobalSection(SolutionConfigurationPlatforms) = preSolution
		Debug|Any CPU = Debug|Any CPU
		Release|Any CPU = Release|Any CPU
	EndGlobalSection
	GlobalSection(ProjectConfigurationPlatforms) = postSolution
		{882DD50A-079B-494B-BF62-34BE7FA0E381}.Debug|Any CPU.ActiveCfg = Debug|Any CPU
		{882DD50A-079B-494B-BF62-34BE7FA0E381}.Debug|Any CPU.Build.0 = Debug|Any CPU
		{882DD50A-079B-494B-BF62-34BE7FA0E381}.Release|Any CPU.ActiveCfg = Release|Any CPU
		{882DD50A-079B-494B-BF62-34BE7FA0E381}.Release|Any CPU.Build.0 = Release|Any CPU
	EndGlobalSection
	GlobalSection(SolutionProperties) = preSolution
		HideSolutionNode = FALSE
	EndGlobalSection
	GlobalSection(ExtensibilityGlobals) = postSolution
		SolutionGuid = {BA89C569-1520-4486-B355-49DD610CF75C}
	EndGlobalSection
EndGlobal
